
Microsoft Visual Studio Solution File, Format Version 12.00
# Visual Studio Version 17
VisualStudioVersion = 17.6.33723.286
MinimumVisualStudioVersion = 10.0.40219.1
Project("{FAE04EC0-301F-11D3-BF4B-00C04F79EFBC}") = "Testinium", "Testinium\Testinium.csproj", "{72A8BCF1-1A3F-4956-99A6-BA1C7BB3D85E}"
EndProject
Project("{FAE04EC0-301F-11D3-BF4B-00C04F79EFBC}") = "ServiceAutomation", "ServiceAutomation\ServiceAutomation.csproj", "{8C43FB96-DC3D-4548-9377-981803BE62B1}"
EndProject
Global
	GlobalSection(SolutionConfigurationPlatforms) = preSolution
		Debug|Any CPU = Debug|Any CPU
		Release|Any CPU = Release|Any CPU
	EndGlobalSection
	GlobalSection(ProjectConfigurationPlatforms) = postSolution
		{72A8BCF1-1A3F-4956-99A6-BA1C7BB3D85E}.Debug|Any CPU.ActiveCfg = Debug|Any CPU
		{72A8BCF1-1A3F-4956-99A6-BA1C7BB3D85E}.Debug|Any CPU.Build.0 = Debug|Any CPU
		{72A8BCF1-1A3F-4956-99A6-BA1C7BB3D85E}.Release|Any CPU.ActiveCfg = Release|Any CPU
		{72A8BCF1-1A3F-4956-99A6-BA1C7BB3D85E}.Release|Any CPU.Build.0 = Release|Any CPU
		{8C43FB96-DC3D-4548-9377-981803BE62B1}.Debug|Any CPU.ActiveCfg = Debug|Any CPU
		{8C43FB96-DC3D-4548-9377-981803BE62B1}.Debug|Any CPU.Build.0 = Debug|Any CPU
		{8C43FB96-DC3D-4548-9377-981803BE62B1}.Release|Any CPU.ActiveCfg = Release|Any CPU
		{8C43FB96-DC3D-4548-9377-981803BE62B1}.Release|Any CPU.Build.0 = Release|Any CPU
	EndGlobalSection
	GlobalSection(SolutionProperties) = preSolution
		HideSolutionNode = FALSE
	EndGlobalSection
	GlobalSection(ExtensibilityGlobals) = postSolution
		SolutionGuid = {C9E63B84-674A-4D05-A406-94946A40CF49}
	EndGlobalSection
EndGlobal
